
Microsoft Visual Studio Solution File, Format Version 12.00
# Visual Studio 15
VisualStudioVersion = 15.0.28307.779
MinimumVisualStudioVersion = 10.0.40219.1
Project("{FAE04EC0-301F-11D3-BF4B-00C04F79EFBC}") = "WebApplication10", "WebApplication10\WebApplication10.csproj", "{1C29E763-2E7F-435D-B12D-6255B712DB0A}"
EndProject
Global
	GlobalSection(SolutionConfigurationPlatforms) = preSolution
		Debug|Any CPU = Debug|Any CPU
		Release|Any CPU = Release|Any CPU
	EndGlobalSection
	GlobalSection(ProjectConfigurationPlatforms) = postSolution
		{1C29E763-2E7F-435D-B12D-6255B712DB0A}.Debug|Any CPU.ActiveCfg = Debug|Any CPU
		{1C29E763-2E7F-435D-B12D-6255B712DB0A}.Debug|Any CPU.Build.0 = Debug|Any CPU
		{1C29E763-2E7F-435D-B12D-6255B712DB0A}.Release|Any CPU.ActiveCfg = Release|Any CPU
		{1C29E763-2E7F-435D-B12D-6255B712DB0A}.Release|Any CPU.Build.0 = Release|Any CPU
	EndGlobalSection
	GlobalSection(SolutionProperties) = preSolution
		HideSolutionNode = FALSE
	EndGlobalSection
	GlobalSection(ExtensibilityGlobals) = postSolution
		SolutionGuid = {CF4C3525-4002-41E0-9A40-99D2FA7A2351}
	EndGlobalSection
EndGlobal
